
Microsoft Visual Studio Solution File, Format Version 12.00
# Visual Studio Version 17
VisualStudioVersion = 17.5.33502.453
MinimumVisualStudioVersion = 10.0.40219.1
Project("{9A19103F-16F7-4668-BE54-9A1E7A4F7556}") = "LiveStats.Frontend", "LiveStats.Frontend\LiveStats.Frontend.csproj", "{950182C6-162A-41CF-B890-9390C50E0A17}"
EndProject
Project("{FAE04EC0-301F-11D3-BF4B-00C04F79EFBC}") = "LiveStats.Backend", "LiveStats.Backend\LiveStats.Backend.csproj", "{0BE0EED6-EF7D-4037-8E58-E2C2BAA9DAC3}"
EndProject
Global
	GlobalSection(SolutionConfigurationPlatforms) = preSolution
		Debug|Any CPU = Debug|Any CPU
		Release|Any CPU = Release|Any CPU
	EndGlobalSection
	GlobalSection(ProjectConfigurationPlatforms) = postSolution
		{950182C6-162A-41CF-B890-9390C50E0A17}.Debug|Any CPU.ActiveCfg = Debug|Any CPU
		{950182C6-162A-41CF-B890-9390C50E0A17}.Debug|Any CPU.Build.0 = Debug|Any CPU
		{950182C6-162A-41CF-B890-9390C50E0A17}.Release|Any CPU.ActiveCfg = Release|Any CPU
		{950182C6-162A-41CF-B890-9390C50E0A17}.Release|Any CPU.Build.0 = Release|Any CPU
		{0BE0EED6-EF7D-4037-8E58-E2C2BAA9DAC3}.Debug|Any CPU.ActiveCfg = Debug|Any CPU
		{0BE0EED6-EF7D-4037-8E58-E2C2BAA9DAC3}.Debug|Any CPU.Build.0 = Debug|Any CPU
		{0BE0EED6-EF7D-4037-8E58-E2C2BAA9DAC3}.Release|Any CPU.ActiveCfg = Release|Any CPU
		{0BE0EED6-EF7D-4037-8E58-E2C2BAA9DAC3}.Release|Any CPU.Build.0 = Release|Any CPU
	EndGlobalSection
	GlobalSection(SolutionProperties) = preSolution
		HideSolutionNode = FALSE
	EndGlobalSection
	GlobalSection(ExtensibilityGlobals) = postSolution
		SolutionGuid = {141DC5AA-1095-4D32-9B2E-32DF2EF0EC71}
	EndGlobalSection
EndGlobal
